
Microsoft Visual Studio Solution File, Format Version 12.00
# Visual Studio Version 17
VisualStudioVersion = 17.10.35122.118
MinimumVisualStudioVersion = 10.0.40219.1
Project("{2150E333-8FDC-42A3-9474-1A3956D46DE8}") = "src", "src", "{A94A1911-9E5D-465A-96EE-525632AFA602}"
EndProject
Project("{2150E333-8FDC-42A3-9474-1A3956D46DE8}") = "tests", "tests", "{9BC8D30C-B9BF-409B-B968-EFFF66DE91DB}"
EndProject
Project("{9A19103F-16F7-4668-BE54-9A1E7A4F7556}") = "CashFlow.Api", "src\CashFlow.Api\CashFlow.Api.csproj", "{A562E812-F877-4037-91BE-293C717929DB}"
EndProject
Project("{9A19103F-16F7-4668-BE54-9A1E7A4F7556}") = "CashFlow.Domain", "src\ClashFlow.Domain\CashFlow.Domain.csproj", "{88F129AA-5BD0-4989-AAF3-3C3EF3DCE134}"
EndProject
Project("{9A19103F-16F7-4668-BE54-9A1E7A4F7556}") = "CashFlow.Exception", "src\CashFlow.Exception\CashFlow.Exception.csproj", "{D82FC2EB-5989-432D-A9A8-FCC991EDE779}"
EndProject
Project("{9A19103F-16F7-4668-BE54-9A1E7A4F7556}") = "CashFlow.Infrastructure", "src\CashFlow.Infrastructure\CashFlow.Infrastructure.csproj", "{F3C33D9D-C5E8-47DC-A16D-F3C8C476DF2D}"
EndProject
Project("{9A19103F-16F7-4668-BE54-9A1E7A4F7556}") = "CashFlow.Application", "src\CashFlow.Application\CashFlow.Application.csproj", "{47CE7CA6-1D15-4732-9E9D-04205ED69659}"
EndProject
Project("{9A19103F-16F7-4668-BE54-9A1E7A4F7556}") = "Validators.Test", "tests\Validators.Test\Validators.Test.csproj", "{B2F9BC72-3D32-4D6B-9AC6-23394397B08C}"
EndProject
Project("{9A19103F-16F7-4668-BE54-9A1E7A4F7556}") = "CommonTestUtilities", "tests\CommonTestUtilities\CommonTestUtilities.csproj", "{F4E3FDE5-83D2-4A69-B6D7-12F0DA218B3B}"
EndProject
Project("{9A19103F-16F7-4668-BE54-9A1E7A4F7556}") = "UseCases.Test", "tests\UseCases.Test\UseCases.Test.csproj", "{9EA65A1C-85E2-40FF-BC8B-02582E42EB0F}"
EndProject
Global
	GlobalSection(SolutionConfigurationPlatforms) = preSolution
		Debug|Any CPU = Debug|Any CPU
		Release|Any CPU = Release|Any CPU
	EndGlobalSection
	GlobalSection(ProjectConfigurationPlatforms) = postSolution
		{A562E812-F877-4037-91BE-293C717929DB}.Debug|Any CPU.ActiveCfg = Debug|Any CPU
		{A562E812-F877-4037-91BE-293C717929DB}.Debug|Any CPU.Build.0 = Debug|Any CPU
		{A562E812-F877-4037-91BE-293C717929DB}.Release|Any CPU.ActiveCfg = Release|Any CPU
		{A562E812-F877-4037-91BE-293C717929DB}.Release|Any CPU.Build.0 = Release|Any CPU
		{88F129AA-5BD0-4989-AAF3-3C3EF3DCE134}.Debug|Any CPU.ActiveCfg = Debug|Any CPU
		{88F129AA-5BD0-4989-AAF3-3C3EF3DCE134}.Debug|Any CPU.Build.0 = Debug|Any CPU
		{88F129AA-5BD0-4989-AAF3-3C3EF3DCE134}.Release|Any CPU.ActiveCfg = Release|Any CPU
		{88F129AA-5BD0-4989-AAF3-3C3EF3DCE134}.Release|Any CPU.Build.0 = Release|Any CPU
		{D82FC2EB-5989-432D-A9A8-FCC991EDE779}.Debug|Any CPU.ActiveCfg = Debug|Any CPU
		{D82FC2EB-5989-432D-A9A8-FCC991EDE779}.Debug|Any CPU.Build.0 = Debug|Any CPU
		{D82FC2EB-5989-432D-A9A8-FCC991EDE779}.Release|Any CPU.ActiveCfg = Release|Any CPU
		{D82FC2EB-5989-432D-A9A8-FCC991EDE779}.Release|Any CPU.Build.0 = Release|Any CPU
		{F3C33D9D-C5E8-47DC-A16D-F3C8C476DF2D}.Debug|Any CPU.ActiveCfg = Debug|Any CPU
		{F3C33D9D-C5E8-47DC-A16D-F3C8C476DF2D}.Debug|Any CPU.Build.0 = Debug|Any CPU
		{F3C33D9D-C5E8-47DC-A16D-F3C8C476DF2D}.Release|Any CPU.ActiveCfg = Release|Any CPU
		{F3C33D9D-C5E8-47DC-A16D-F3C8C476DF2D}.Release|Any CPU.Build.0 = Release|Any CPU
		{47CE7CA6-1D15-4732-9E9D-04205ED69659}.Debug|Any CPU.ActiveCfg = Debug|Any CPU
		{47CE7CA6-1D15-4732-9E9D-04205ED69659}.Debug|Any CPU.Build.0 = Debug|Any CPU
		{47CE7CA6-1D15-4732-9E9D-04205ED69659}.Release|Any CPU.ActiveCfg = Release|Any CPU
		{47CE7CA6-1D15-4732-9E9D-04205ED69659}.Release|Any CPU.Build.0 = Release|Any CPU
		{B2F9BC72-3D32-4D6B-9AC6-23394397B08C}.Debug|Any CPU.ActiveCfg = Debug|Any CPU
		{B2F9BC72-3D32-4D6B-9AC6-23394397B08C}.Debug|Any CPU.Build.0 = Debug|Any CPU
		{B2F9BC72-3D32-4D6B-9AC6-23394397B08C}.Release|Any CPU.ActiveCfg = Release|Any CPU
		{B2F9BC72-3D32-4D6B-9AC6-23394397B08C}.Release|Any CPU.Build.0 = Release|Any CPU
		{F4E3FDE5-83D2-4A69-B6D7-12F0DA218B3B}.Debug|Any CPU.ActiveCfg = Debug|Any CPU
		{F4E3FDE5-83D2-4A69-B6D7-12F0DA218B3B}.Debug|Any CPU.Build.0 = Debug|Any CPU
		{F4E3FDE5-83D2-4A69-B6D7-12F0DA218B3B}.Release|Any CPU.ActiveCfg = Release|Any CPU
		{F4E3FDE5-83D2-4A69-B6D7-12F0DA218B3B}.Release|Any CPU.Build.0 = Release|Any CPU
		{9EA65A1C-85E2-40FF-BC8B-02582E42EB0F}.Debug|Any CPU.ActiveCfg = Debug|Any CPU
		{9EA65A1C-85E2-40FF-BC8B-02582E42EB0F}.Debug|Any CPU.Build.0 = Debug|Any CPU
		{9EA65A1C-85E2-40FF-BC8B-02582E42EB0F}.Release|Any CPU.ActiveCfg = Release|Any CPU
		{9EA65A1C-85E2-40FF-BC8B-02582E42EB0F}.Release|Any CPU.Build.0 = Release|Any CPU
	EndGlobalSection
	GlobalSection(SolutionProperties) = preSolution
		HideSolutionNode = FALSE
	EndGlobalSection
	GlobalSection(NestedProjects) = preSolution
		{A562E812-F877-4037-91BE-293C717929DB} = {A94A1911-9E5D-465A-96EE-525632AFA602}
		{88F129AA-5BD0-4989-AAF3-3C3EF3DCE134} = {A94A1911-9E5D-465A-96EE-525632AFA602}
		{D82FC2EB-5989-432D-A9A8-FCC991EDE779} = {A94A1911-9E5D-465A-96EE-525632AFA602}
		{F3C33D9D-C5E8-47DC-A16D-F3C8C476DF2D} = {A94A1911-9E5D-465A-96EE-525632AFA602}
		{47CE7CA6-1D15-4732-9E9D-04205ED69659} = {A94A1911-9E5D-465A-96EE-525632AFA602}
		{B2F9BC72-3D32-4D6B-9AC6-23394397B08C} = {9BC8D30C-B9BF-409B-B968-EFFF66DE91DB}
		{F4E3FDE5-83D2-4A69-B6D7-12F0DA218B3B} = {9BC8D30C-B9BF-409B-B968-EFFF66DE91DB}
		{9EA65A1C-85E2-40FF-BC8B-02582E42EB0F} = {9BC8D30C-B9BF-409B-B968-EFFF66DE91DB}
	EndGlobalSection
	GlobalSection(ExtensibilityGlobals) = postSolution
		SolutionGuid = {958474D4-76EB-4D1C-956E-018B0EE79B7F}
	EndGlobalSection
EndGlobal
